
Microsoft Visual Studio Solution File, Format Version 12.00
# Visual Studio Version 16
VisualStudioVersion = 16.0.30907.101
MinimumVisualStudioVersion = 10.0.40219.1
Project("{FAE04EC0-301F-11D3-BF4B-00C04F79EFBC}") = "BasicGit49", "BasicGit49\BasicGit49.csproj", "{65DEF06A-3AC6-44D0-A4A3-3AF1D9D1AAA4}"
EndProject
Global
	GlobalSection(SolutionConfigurationPlatforms) = preSolution
		Debug|Any CPU = Debug|Any CPU
		Release|Any CPU = Release|Any CPU
	EndGlobalSection
	GlobalSection(ProjectConfigurationPlatforms) = postSolution
		{65DEF06A-3AC6-44D0-A4A3-3AF1D9D1AAA4}.Debug|Any CPU.ActiveCfg = Debug|Any CPU
		{65DEF06A-3AC6-44D0-A4A3-3AF1D9D1AAA4}.Debug|Any CPU.Build.0 = Debug|Any CPU
		{65DEF06A-3AC6-44D0-A4A3-3AF1D9D1AAA4}.Release|Any CPU.ActiveCfg = Release|Any CPU
		{65DEF06A-3AC6-44D0-A4A3-3AF1D9D1AAA4}.Release|Any CPU.Build.0 = Release|Any CPU
	EndGlobalSection
	GlobalSection(SolutionProperties) = preSolution
		HideSolutionNode = FALSE
	EndGlobalSection
	GlobalSection(ExtensibilityGlobals) = postSolution
		SolutionGuid = {F1B2E9CF-3792-44E4-8520-1415A948D37D}
	EndGlobalSection
EndGlobal
